{
  "version": 4,
  "terraform_version": "1.3.4",
  "serial": 22,
  "lineage": "82c1c5eb-b691-9d49-5dea-91a516af773a",
  "outputs": {},
  "resources": [
    {
      "mode": "managed",
      "type": "helm_release",
      "name": "argo_cd_release",
      "provider": "provider[\"registry.terraform.io/hashicorp/helm\"]",
      "instances": [
        {
          "schema_version": 0,
          "attributes": {
            "atomic": false,
            "chart": "../../../charts/argo-cd/chart",
            "cleanup_on_fail": false,
            "create_namespace": false,
            "dependency_update": false,
            "description": null,
            "devel": null,
            "disable_crd_hooks": false,
            "disable_openapi_validation": false,
            "disable_webhooks": false,
            "force_update": false,
            "id": "argo-cd",
            "keyring": null,
            "lint": false,
            "manifest": null,
            "max_history": 0,
            "metadata": [
              {
                "app_version": "v2.3.4",
                "chart": "argo-cd",
                "name": "argo-cd",
                "namespace": "argo-cd",
                "revision": 1,
                "values": "{\"configs\":{\"repositories\":{\"backend\":{\"name\":\"backend\",\"url\":\"https://github.com/polycode-lucido/oidc-poc.git\"},\"frontend\":{\"name\":\"frontend\",\"url\":\"https://github.com/polycode-lucido/oidc-poc.git\"}},\"secret\":{\"argocdServerAdminPassword\":\"(sensitive value)\"}},\"server\":{\"additionalApplications\":[{\"destination\":{\"namespace\":\"polycode\",\"server\":\"https://kubernetes.default.svc\"},\"name\":\"local-frontend\",\"namespace\":\"argo-cd\",\"project\":\"local\",\"source\":{\"helm\":{\"releaseName\":\"frontend\",\"valueFiles\":[\"../local.values.yaml\"]},\"path\":\"frontend/helm/chart\",\"repoURL\":\"https://github.com/polycode-lucido/oidc-poc.git\",\"targetRevision\":\"HEAD\"}},{\"destination\":{\"namespace\":\"polycode\",\"server\":\"https://kubernetes.default.svc\"},\"name\":\"local-api\",\"namespace\":\"argo-cd\",\"project\":\"local\",\"source\":{\"helm\":{\"releaseName\":\"backend\",\"valueFiles\":[\"../local.values.yaml\"]},\"path\":\"backend/helm/api/chart\",\"repoURL\":\"https://github.com/polycode-lucido/oidc-poc.git\",\"targetRevision\":\"HEAD\"}},{\"destination\":{\"namespace\":\"polycode\",\"server\":\"https://kubernetes.default.svc\"},\"name\":\"local-runner\",\"namespace\":\"argo-cd\",\"project\":\"local\",\"source\":{\"helm\":{\"releaseName\":\"runner\",\"valueFiles\":[\"../local.values.yaml\"]},\"path\":\"backend/helm/runner/chart\",\"repoURL\":\"https://github.com/polycode-lucido/oidc-poc.git\",\"targetRevision\":\"HEAD\"}},{\"destination\":{\"namespace\":\"polycode\",\"server\":\"https://kubernetes.default.svc\"},\"helm\":{\"releaseName\":\"postgresql\"},\"name\":\"postgresql\",\"namespace\":\"argo-cd\",\"project\":\"default\",\"source\":{\"path\":\"bitnami/postgresql-ha\",\"repoURL\":\"https://github.com/bitnami/charts.git\",\"targetRevision\":\"HEAD\"}},{\"destination\":{\"namespace\":\"polycode\",\"server\":\"https://kubernetes.default.svc\"},\"helm\":{\"releaseName\":\"mongodb\"},\"name\":\"mongodb\",\"namespace\":\"argo-cd\",\"project\":\"default\",\"source\":{\"path\":\"bitnami/mongodb\",\"repoURL\":\"https://github.com/bitnami/charts.git\",\"targetRevision\":\"HEAD\"}}],\"additionalProjects\":[{\"description\":\"Polycode Local Project\",\"destinations\":[{\"namespace\":\"polycode\",\"server\":\"https://kubernetes.default.svc\"}],\"name\":\"local\",\"namespace\":\"argo-cd\",\"sourceRepos\":[\"https://github.com/polycode-lucido/oidc-poc.git\"]}],\"ingress\":{\"annotations\":{\"kubernetes.io/ingress.class\":\"nginx\"},\"enabled\":true,\"hosts\":[\"argo.polycode.127.0.0.1.sslip.io\"]},\"insecure\":true}}",
                "version": "4.8.3"
              }
            ],
            "name": "argo-cd",
            "namespace": "argo-cd",
            "postrender": [],
            "recreate_pods": false,
            "render_subchart_notes": true,
            "replace": false,
            "repository": null,
            "repository_ca_file": null,
            "repository_cert_file": null,
            "repository_key_file": null,
            "repository_password": null,
            "repository_username": null,
            "reset_values": false,
            "reuse_values": false,
            "set": [],
            "set_sensitive": [
              {
                "name": "configs.secret.argocdServerAdminPassword",
                "type": "",
                "value": "$2y$10$adCiprUiugTubOEkA49aierhMbxym5Q3T5M3FAXLZ3qKpq3q1gWyS"
              }
            ],
            "skip_crds": false,
            "status": "deployed",
            "timeout": 300,
            "values": [
              "server:\n  ingress:\n    enabled: true\n    annotations:\n      kubernetes.io/ingress.class: nginx\n    hosts:\n      - argo.polycode.127.0.0.1.sslip.io\n  insecure: true # disable force tls from argo\n  additionalApplications:\n    - name: local-frontend\n      namespace: argo-cd\n      project: local\n      source:\n        repoURL: https://github.com/polycode-lucido/oidc-poc.git\n        targetRevision: HEAD\n        path: frontend/helm/chart\n        helm:\n          releaseName: frontend\n          valueFiles:\n            - ../local.values.yaml\n      destination:\n        server: https://kubernetes.default.svc\n        namespace: polycode\n    - name: local-api\n      namespace: argo-cd\n      project: local\n      source:\n        repoURL: https://github.com/polycode-lucido/oidc-poc.git\n        targetRevision: HEAD\n        path: backend/helm/api/chart\n        helm:\n          releaseName: backend\n          valueFiles:\n            - ../local.values.yaml\n      destination:\n        server: https://kubernetes.default.svc\n        namespace: polycode \n    - name: local-runner\n      namespace: argo-cd\n      project: local\n      source:\n        repoURL: https://github.com/polycode-lucido/oidc-poc.git\n        targetRevision: HEAD\n        path: backend/helm/runner/chart\n        helm:\n          releaseName: runner\n          valueFiles:\n            - ../local.values.yaml\n      destination:\n        server: https://kubernetes.default.svc\n        namespace: polycode \n    - name: postgresql\n      namespace: argo-cd\n      project: default\n      source:\n        repoURL: 'https://github.com/bitnami/charts.git'\n        path: bitnami/postgresql-ha\n        targetRevision: HEAD\n      destination:\n        server: 'https://kubernetes.default.svc'\n        namespace: polycode\n      helm:\n        releaseName: postgresql\n    - name: mongodb\n      namespace: argo-cd\n      project: default\n      source:\n        repoURL: 'https://github.com/bitnami/charts.git'\n        path: bitnami/mongodb\n        targetRevision: HEAD\n      destination:\n        server: 'https://kubernetes.default.svc'\n        namespace: polycode\n      helm:\n        releaseName: mongodb\n\n  additionalProjects:\n    - name: local\n      namespace: argo-cd\n      description: Polycode Local Project\n      sourceRepos:\n        - https://github.com/polycode-lucido/oidc-poc.git\n      destinations:\n        - namespace: polycode\n          server: https://kubernetes.default.svc\nconfigs:\n  repositories:\n    frontend:\n      url: https://github.com/polycode-lucido/oidc-poc.git\n      name: frontend\n    backend:\n      url: https://github.com/polycode-lucido/oidc-poc.git\n      name: backend\n"
            ],
            "verify": false,
            "version": "4.8.3",
            "wait": true,
            "wait_for_jobs": false
          },
          "sensitive_attributes": [
            [
              {
                "type": "get_attr",
                "value": "set_sensitive"
              }
            ]
          ],
          "private": "bnVsbA==",
          "dependencies": [
            "helm_release.ingress_nginx_release",
            "kubernetes_namespace.argo_cd_namespace",
            "kubernetes_namespace.ingress_nginx_namespace"
          ]
        }
      ]
    },
    {
      "mode": "managed",
      "type": "helm_release",
      "name": "ingress_nginx_release",
      "provider": "provider[\"registry.terraform.io/hashicorp/helm\"]",
      "instances": [
        {
          "schema_version": 0,
          "attributes": {
            "atomic": false,
            "chart": "../../../charts/ingress-nginx/chart",
            "cleanup_on_fail": false,
            "create_namespace": false,
            "dependency_update": false,
            "description": null,
            "devel": null,
            "disable_crd_hooks": false,
            "disable_openapi_validation": false,
            "disable_webhooks": false,
            "force_update": false,
            "id": "ingress-nginx",
            "keyring": null,
            "lint": false,
            "manifest": null,
            "max_history": 0,
            "metadata": [
              {
                "app_version": "1.2.1",
                "chart": "ingress-nginx",
                "name": "ingress-nginx",
                "namespace": "ingress-nginx",
                "revision": 1,
                "values": "{}",
                "version": "4.1.3"
              }
            ],
            "name": "ingress-nginx",
            "namespace": "ingress-nginx",
            "postrender": [],
            "recreate_pods": false,
            "render_subchart_notes": true,
            "replace": false,
            "repository": null,
            "repository_ca_file": null,
            "repository_cert_file": null,
            "repository_key_file": null,
            "repository_password": null,
            "repository_username": null,
            "reset_values": false,
            "reuse_values": false,
            "set": [],
            "set_sensitive": [],
            "skip_crds": false,
            "status": "deployed",
            "timeout": 300,
            "values": [
              ""
            ],
            "verify": false,
            "version": "4.1.3",
            "wait": true,
            "wait_for_jobs": false
          },
          "sensitive_attributes": [],
          "private": "bnVsbA==",
          "dependencies": [
            "kubernetes_namespace.ingress_nginx_namespace"
          ]
        }
      ]
    },
    {
      "mode": "managed",
      "type": "helm_release",
      "name": "kube_prometheus_stack_release",
      "provider": "provider[\"registry.terraform.io/hashicorp/helm\"]",
      "instances": [
        {
          "schema_version": 0,
          "attributes": {
            "atomic": false,
            "chart": "../../../charts/kube-prometheus-stack/chart",
            "cleanup_on_fail": false,
            "create_namespace": false,
            "dependency_update": false,
            "description": null,
            "devel": null,
            "disable_crd_hooks": false,
            "disable_openapi_validation": false,
            "disable_webhooks": false,
            "force_update": false,
            "id": "kube-prometheus-stack",
            "keyring": null,
            "lint": false,
            "manifest": null,
            "max_history": 0,
            "metadata": [
              {
                "app_version": "0.56.3",
                "chart": "kube-prometheus-stack",
                "name": "kube-prometheus-stack",
                "namespace": "kube-prometheus-stack",
                "revision": 1,
                "values": "{\"grafana\":{\"adminPassword\":\"(sensitive value)\",\"ingress\":{\"annotations\":{\"kubernetes.io/ingress.class\":\"nginx\"},\"enabled\":true,\"hosts\":[\"grafana.polycode.127.0.0.1.sslip.io\"]}}}",
                "version": "35.5.1"
              }
            ],
            "name": "kube-prometheus-stack",
            "namespace": "kube-prometheus-stack",
            "postrender": [],
            "recreate_pods": false,
            "render_subchart_notes": true,
            "replace": false,
            "repository": null,
            "repository_ca_file": null,
            "repository_cert_file": null,
            "repository_key_file": null,
            "repository_password": null,
            "repository_username": null,
            "reset_values": false,
            "reuse_values": false,
            "set": [],
            "set_sensitive": [
              {
                "name": "grafana.adminPassword",
                "type": "",
                "value": "admin"
              }
            ],
            "skip_crds": false,
            "status": "deployed",
            "timeout": 300,
            "values": [
              "grafana:\n  adminPassword: polycode-grafana\n  ingress:\n    enabled: true\n    annotations:\n      kubernetes.io/ingress.class: nginx\n    hosts:\n      - grafana.polycode.127.0.0.1.sslip.io\n"
            ],
            "verify": false,
            "version": "35.5.1",
            "wait": true,
            "wait_for_jobs": false
          },
          "sensitive_attributes": [
            [
              {
                "type": "get_attr",
                "value": "set_sensitive"
              }
            ]
          ],
          "private": "bnVsbA==",
          "dependencies": [
            "helm_release.ingress_nginx_release",
            "kubernetes_namespace.ingress_nginx_namespace",
            "kubernetes_namespace.kube_prometheus_stack_namespace"
          ]
        }
      ]
    },
    {
      "mode": "managed",
      "type": "kubernetes_namespace",
      "name": "argo_cd_namespace",
      "provider": "provider[\"registry.terraform.io/hashicorp/kubernetes\"]",
      "instances": [
        {
          "schema_version": 0,
          "attributes": {
            "id": "argo-cd",
            "metadata": [
              {
                "annotations": null,
                "generate_name": "",
                "generation": 0,
                "labels": null,
                "name": "argo-cd",
                "resource_version": "474",
                "uid": "2e50e070-bee5-466f-9a3b-3dc4a0128dd9"
              }
            ],
            "timeouts": null
          },
          "sensitive_attributes": [],
          "private": "eyJlMmJmYjczMC1lY2FhLTExZTYtOGY4OC0zNDM2M2JjN2M0YzAiOnsiZGVsZXRlIjozMDAwMDAwMDAwMDB9fQ=="
        }
      ]
    },
    {
      "mode": "managed",
      "type": "kubernetes_namespace",
      "name": "ingress_nginx_namespace",
      "provider": "provider[\"registry.terraform.io/hashicorp/kubernetes\"]",
      "instances": [
        {
          "schema_version": 0,
          "attributes": {
            "id": "ingress-nginx",
            "metadata": [
              {
                "annotations": null,
                "generate_name": "",
                "generation": 0,
                "labels": null,
                "name": "ingress-nginx",
                "resource_version": "472",
                "uid": "27aa1f93-ca9a-4c6e-adf4-b0957f990f7a"
              }
            ],
            "timeouts": null
          },
          "sensitive_attributes": [],
          "private": "eyJlMmJmYjczMC1lY2FhLTExZTYtOGY4OC0zNDM2M2JjN2M0YzAiOnsiZGVsZXRlIjozMDAwMDAwMDAwMDB9fQ=="
        }
      ]
    },
    {
      "mode": "managed",
      "type": "kubernetes_namespace",
      "name": "kube_prometheus_stack_namespace",
      "provider": "provider[\"registry.terraform.io/hashicorp/kubernetes\"]",
      "instances": [
        {
          "schema_version": 0,
          "attributes": {
            "id": "kube-prometheus-stack",
            "metadata": [
              {
                "annotations": null,
                "generate_name": "",
                "generation": 0,
                "labels": null,
                "name": "kube-prometheus-stack",
                "resource_version": "471",
                "uid": "ff63d0e6-a7f1-4504-bcc2-1ad1cccc3d9d"
              }
            ],
            "timeouts": null
          },
          "sensitive_attributes": [],
          "private": "eyJlMmJmYjczMC1lY2FhLTExZTYtOGY4OC0zNDM2M2JjN2M0YzAiOnsiZGVsZXRlIjozMDAwMDAwMDAwMDB9fQ=="
        }
      ]
    },
    {
      "mode": "managed",
      "type": "kubernetes_namespace",
      "name": "polycode_namespace",
      "provider": "provider[\"registry.terraform.io/hashicorp/kubernetes\"]",
      "instances": [
        {
          "schema_version": 0,
          "attributes": {
            "id": "polycode",
            "metadata": [
              {
                "annotations": null,
                "generate_name": "",
                "generation": 0,
                "labels": null,
                "name": "polycode",
                "resource_version": "473",
                "uid": "ad4b5a18-3358-4271-894d-8c56a7c71bda"
              }
            ],
            "timeouts": null
          },
          "sensitive_attributes": [],
          "private": "eyJlMmJmYjczMC1lY2FhLTExZTYtOGY4OC0zNDM2M2JjN2M0YzAiOnsiZGVsZXRlIjozMDAwMDAwMDAwMDB9fQ=="
        }
      ]
    }
  ],
  "check_results": null
}
